
Microsoft Visual Studio Solution File, Format Version 12.00
# Visual Studio Version 17
VisualStudioVersion = 17.4.33110.190
MinimumVisualStudioVersion = 10.0.40219.1
Project("{9A19103F-16F7-4668-BE54-9A1E7A4F7556}") = "Project_Form_App_PRN211", "Project_Form_App_PRN211.csproj", "{DAFD39B2-6E14-43E7-9810-5968B866C5F7}"
EndProject
Project("{FAE04EC0-301F-11D3-BF4B-00C04F79EFBC}") = "New_Project_Form_PRN211", "..\New_Project_Form_PRN211\New_Project_Form_PRN211.csproj", "{8191DDED-064B-45BA-8279-92C2ACA4816E}"
EndProject
Global
	GlobalSection(SolutionConfigurationPlatforms) = preSolution
		Debug|Any CPU = Debug|Any CPU
		Release|Any CPU = Release|Any CPU
	EndGlobalSection
	GlobalSection(ProjectConfigurationPlatforms) = postSolution
		{DAFD39B2-6E14-43E7-9810-5968B866C5F7}.Debug|Any CPU.ActiveCfg = Debug|Any CPU
		{DAFD39B2-6E14-43E7-9810-5968B866C5F7}.Debug|Any CPU.Build.0 = Debug|Any CPU
		{DAFD39B2-6E14-43E7-9810-5968B866C5F7}.Release|Any CPU.ActiveCfg = Release|Any CPU
		{DAFD39B2-6E14-43E7-9810-5968B866C5F7}.Release|Any CPU.Build.0 = Release|Any CPU
		{8191DDED-064B-45BA-8279-92C2ACA4816E}.Debug|Any CPU.ActiveCfg = Debug|Any CPU
		{8191DDED-064B-45BA-8279-92C2ACA4816E}.Debug|Any CPU.Build.0 = Debug|Any CPU
		{8191DDED-064B-45BA-8279-92C2ACA4816E}.Release|Any CPU.ActiveCfg = Release|Any CPU
		{8191DDED-064B-45BA-8279-92C2ACA4816E}.Release|Any CPU.Build.0 = Release|Any CPU
	EndGlobalSection
	GlobalSection(SolutionProperties) = preSolution
		HideSolutionNode = FALSE
	EndGlobalSection
	GlobalSection(ExtensibilityGlobals) = postSolution
		SolutionGuid = {B763249F-C904-4ACF-87E5-C0756A81F9C9}
	EndGlobalSection
EndGlobal
