
Microsoft Visual Studio Solution File, Format Version 12.00
# Visual Studio Version 17
VisualStudioVersion = 17.4.33110.190
MinimumVisualStudioVersion = 10.0.40219.1
Project("{FAE04EC0-301F-11D3-BF4B-00C04F79EFBC}") = "CRUD_Filter_Search_Form", "CRUD_Filter_Search_Form.csproj", "{8B32247B-3849-4E70-94B0-55D7EDDC9C23}"
EndProject
Global
	GlobalSection(SolutionConfigurationPlatforms) = preSolution
		Debug|Any CPU = Debug|Any CPU
		Release|Any CPU = Release|Any CPU
	EndGlobalSection
	GlobalSection(ProjectConfigurationPlatforms) = postSolution
		{8B32247B-3849-4E70-94B0-55D7EDDC9C23}.Debug|Any CPU.ActiveCfg = Debug|Any CPU
		{8B32247B-3849-4E70-94B0-55D7EDDC9C23}.Debug|Any CPU.Build.0 = Debug|Any CPU
		{8B32247B-3849-4E70-94B0-55D7EDDC9C23}.Release|Any CPU.ActiveCfg = Release|Any CPU
		{8B32247B-3849-4E70-94B0-55D7EDDC9C23}.Release|Any CPU.Build.0 = Release|Any CPU
	EndGlobalSection
	GlobalSection(SolutionProperties) = preSolution
		HideSolutionNode = FALSE
	EndGlobalSection
	GlobalSection(ExtensibilityGlobals) = postSolution
		SolutionGuid = {7397D798-1702-4B64-A92B-BF3723341C26}
	EndGlobalSection
EndGlobal
