
Microsoft Visual Studio Solution File, Format Version 12.00
# Visual Studio Version 17
VisualStudioVersion = 17.4.33110.190
MinimumVisualStudioVersion = 10.0.40219.1
Project("{9A19103F-16F7-4668-BE54-9A1E7A4F7556}") = "DemoListAndFilter", "DemoListAndFilter.csproj", "{9FB7DC68-1360-4319-B2E8-B7C15EA16A69}"
EndProject
Project("{FAE04EC0-301F-11D3-BF4B-00C04F79EFBC}") = "PracticeListAndFilter", "..\PracticeListAndFilter\PracticeListAndFilter.csproj", "{C8D87E1C-52A9-413D-A2CB-3024A2004D06}"
EndProject
Global
	GlobalSection(SolutionConfigurationPlatforms) = preSolution
		Debug|Any CPU = Debug|Any CPU
		Release|Any CPU = Release|Any CPU
	EndGlobalSection
	GlobalSection(ProjectConfigurationPlatforms) = postSolution
		{9FB7DC68-1360-4319-B2E8-B7C15EA16A69}.Debug|Any CPU.ActiveCfg = Debug|Any CPU
		{9FB7DC68-1360-4319-B2E8-B7C15EA16A69}.Debug|Any CPU.Build.0 = Debug|Any CPU
		{9FB7DC68-1360-4319-B2E8-B7C15EA16A69}.Release|Any CPU.ActiveCfg = Release|Any CPU
		{9FB7DC68-1360-4319-B2E8-B7C15EA16A69}.Release|Any CPU.Build.0 = Release|Any CPU
		{C8D87E1C-52A9-413D-A2CB-3024A2004D06}.Debug|Any CPU.ActiveCfg = Debug|Any CPU
		{C8D87E1C-52A9-413D-A2CB-3024A2004D06}.Debug|Any CPU.Build.0 = Debug|Any CPU
		{C8D87E1C-52A9-413D-A2CB-3024A2004D06}.Release|Any CPU.ActiveCfg = Release|Any CPU
		{C8D87E1C-52A9-413D-A2CB-3024A2004D06}.Release|Any CPU.Build.0 = Release|Any CPU
	EndGlobalSection
	GlobalSection(SolutionProperties) = preSolution
		HideSolutionNode = FALSE
	EndGlobalSection
	GlobalSection(ExtensibilityGlobals) = postSolution
		SolutionGuid = {F9DC2A69-699C-481C-96F8-FF9C6707F978}
	EndGlobalSection
EndGlobal
